
Microsoft Visual Studio Solution File, Format Version 12.00
# Visual Studio 15
VisualStudioVersion = 15.0.28010.2003
MinimumVisualStudioVersion = 10.0.40219.1
Project("{FAE04EC0-301F-11D3-BF4B-00C04F79EFBC}") = "Tests", "..\Tests\Tests.csproj", "{A6B96A7E-22B2-46B2-B7FC-11218FE3A3E5}"
EndProject
Project("{FAE04EC0-301F-11D3-BF4B-00C04F79EFBC}") = "CpReflection", "..\CpReflection\CpReflection.csproj", "{8CF66CEC-4538-4F56-96BA-37C07604D65C}"
EndProject
Global
	GlobalSection(SolutionConfigurationPlatforms) = preSolution
		Debug|Any CPU = Debug|Any CPU
		Release|Any CPU = Release|Any CPU
	EndGlobalSection
	GlobalSection(ProjectConfigurationPlatforms) = postSolution
		{A6B96A7E-22B2-46B2-B7FC-11218FE3A3E5}.Debug|Any CPU.ActiveCfg = Debug|Any CPU
		{A6B96A7E-22B2-46B2-B7FC-11218FE3A3E5}.Debug|Any CPU.Build.0 = Debug|Any CPU
		{A6B96A7E-22B2-46B2-B7FC-11218FE3A3E5}.Release|Any CPU.ActiveCfg = Release|Any CPU
		{A6B96A7E-22B2-46B2-B7FC-11218FE3A3E5}.Release|Any CPU.Build.0 = Release|Any CPU
		{8CF66CEC-4538-4F56-96BA-37C07604D65C}.Debug|Any CPU.ActiveCfg = Debug|Any CPU
		{8CF66CEC-4538-4F56-96BA-37C07604D65C}.Debug|Any CPU.Build.0 = Debug|Any CPU
		{8CF66CEC-4538-4F56-96BA-37C07604D65C}.Release|Any CPU.ActiveCfg = Release|Any CPU
		{8CF66CEC-4538-4F56-96BA-37C07604D65C}.Release|Any CPU.Build.0 = Release|Any CPU
	EndGlobalSection
	GlobalSection(SolutionProperties) = preSolution
		HideSolutionNode = FALSE
	EndGlobalSection
	GlobalSection(ExtensibilityGlobals) = postSolution
		SolutionGuid = {4131BAF3-E436-4AC3-94C9-AAB1BC1CA545}
	EndGlobalSection
EndGlobal
